// !$*UTF8*$!
{
	archiveVersion = 1;
	classes = {
	};
	objectVersion = 55;
	objects = {

/* Begin PBXBuildFile section */
		66EC75AD2C2F77170007F9E3 /* AppDelegate.swift in Sources */ = {isa = PBXBuildFile; fileRef = 66EC75AC2C2F77170007F9E3 /* AppDelegate.swift */; };
		66EC75AF2C2F77170007F9E3 /* SceneDelegate.swift in Sources */ = {isa = PBXBuildFile; fileRef = 66EC75AE2C2F77170007F9E3 /* SceneDelegate.swift */; };
		66EC75B12C2F77170007F9E3 /* ViewController.swift in Sources */ = {isa = PBXBuildFile; fileRef = 66EC75B02C2F77170007F9E3 /* ViewController.swift */; };
		66EC75B42C2F77170007F9E3 /* Main.storyboard in Resources */ = {isa = PBXBuildFile; fileRef = 66EC75B22C2F77170007F9E3 /* Main.storyboard */; };
		66EC75B72C2F77170007F9E3 /* MealApp.xcdatamodeld in Sources */ = {isa = PBXBuildFile; fileRef = 66EC75B52C2F77170007F9E3 /* MealApp.xcdatamodeld */; };
		66EC75B92C2F77190007F9E3 /* Assets.xcassets in Resources */ = {isa = PBXBuildFile; fileRef = 66EC75B82C2F77190007F9E3 /* Assets.xcassets */; };
		66EC75BC2C2F77190007F9E3 /* LaunchScreen.storyboard in Resources */ = {isa = PBXBuildFile; fileRef = 66EC75BA2C2F77190007F9E3 /* LaunchScreen.storyboard */; };
		66EC75C72C2F77190007F9E3 /* MealAppTests.swift in Sources */ = {isa = PBXBuildFile; fileRef = 66EC75C62C2F77190007F9E3 /* MealAppTests.swift */; };
		66EC75D12C2F77190007F9E3 /* MealAppUITests.swift in Sources */ = {isa = PBXBuildFile; fileRef = 66EC75D02C2F77190007F9E3 /* MealAppUITests.swift */; };
		66EC75D32C2F77190007F9E3 /* MealAppUITestsLaunchTests.swift in Sources */ = {isa = PBXBuildFile; fileRef = 66EC75D22C2F77190007F9E3 /* MealAppUITestsLaunchTests.swift */; };
/* End PBXBuildFile section */

/* Begin PBXContainerItemProxy section */
		66EC75C32C2F77190007F9E3 /* PBXContainerItemProxy */ = {
			isa = PBXContainerItemProxy;
			containerPortal = 66EC75A12C2F77160007F9E3 /* Project object */;
			proxyType = 1;
			remoteGlobalIDString = 66EC75A82C2F77170007F9E3;
			remoteInfo = MealApp;
		};
		66EC75CD2C2F77190007F9E3 /* PBXContainerItemProxy */ = {
			isa = PBXContainerItemProxy;
			containerPortal = 66EC75A12C2F77160007F9E3 /* Project object */;
			proxyType = 1;
			remoteGlobalIDString = 66EC75A82C2F77170007F9E3;
			remoteInfo = MealApp;
		};
/* End PBXContainerItemProxy section */

/* Begin PBXFileReference section */
		66EC75A92C2F77170007F9E3 /* MealApp.app */ = {isa = PBXFileReference; explicitFileType = wrapper.application; includeInIndex = 0; path = MealApp.app; sourceTree = BUILT_PRODUCTS_DIR; };
		66EC75AC2C2F77170007F9E3 /* AppDelegate.swift */ = {isa = PBXFileReference; lastKnownFileType = sourcecode.swift; path = AppDelegate.swift; sourceTree = "<group>"; };
		66EC75AE2C2F77170007F9E3 /* SceneDelegate.swift */ = {isa = PBXFileReference; lastKnownFileType = sourcecode.swift; path = SceneDelegate.swift; sourceTree = "<group>"; };
		66EC75B02C2F77170007F9E3 /* ViewController.swift */ = {isa = PBXFileReference; lastKnownFileType = sourcecode.swift; path = ViewController.swift; sourceTree = "<group>"; };
		66EC75B32C2F77170007F9E3 /* Base */ = {isa = PBXFileReference; lastKnownFileType = file.storyboard; name = Base; path = Base.lproj/Main.storyboard; sourceTree = "<group>"; };
		66EC75B62C2F77170007F9E3 /* MealApp.xcdatamodel */ = {isa = PBXFileReference; lastKnownFileType = wrapper.xcdatamodel; path = MealApp.xcdatamodel; sourceTree = "<group>"; };
		66EC75B82C2F77190007F9E3 /* Assets.xcassets */ = {isa = PBXFileReference; lastKnownFileType = folder.assetcatalog; path = Assets.xcassets; sourceTree = "<group>"; };
		66EC75BB2C2F77190007F9E3 /* Base */ = {isa = PBXFileReference; lastKnownFileType = file.storyboard; name = Base; path = Base.lproj/LaunchScreen.storyboard; sourceTree = "<group>"; };
		66EC75BD2C2F77190007F9E3 /* Info.plist */ = {isa = PBXFileReference; lastKnownFileType = text.plist.xml; path = Info.plist; sourceTree = "<group>"; };
		66EC75C22C2F77190007F9E3 /* MealAppTests.xctest */ = {isa = PBXFileReference; explicitFileType = wrapper.cfbundle; includeInIndex = 0; path = MealAppTests.xctest; sourceTree = BUILT_PRODUCTS_DIR; };
		66EC75C62C2F77190007F9E3 /* MealAppTests.swift */ = {isa = PBXFileReference; lastKnownFileType = sourcecode.swift; path = MealAppTests.swift; sourceTree = "<group>"; };
		66EC75CC2C2F77190007F9E3 /* MealAppUITests.xctest */ = {isa = PBXFileReference; explicitFileType = wrapper.cfbundle; includeInIndex = 0; path = MealAppUITests.xctest; sourceTree = BUILT_PRODUCTS_DIR; };
		66EC75D02C2F77190007F9E3 /* MealAppUITests.swift */ = {isa = PBXFileReference; lastKnownFileType = sourcecode.swift; path = MealAppUITests.swift; sourceTree = "<group>"; };
		66EC75D22C2F77190007F9E3 /* MealAppUITestsLaunchTests.swift */ = {isa = PBXFileReference; lastKnownFileType = sourcecode.swift; path = MealAppUITestsLaunchTests.swift; sourceTree = "<group>"; };
/* End PBXFileReference section */

/* Begin PBXFrameworksBuildPhase section */
		66EC75A62C2F77170007F9E3 /* Frameworks */ = {
			isa = PBXFrameworksBuildPhase;
			buildActionMask = 2147483647;
			files = (
			);
			runOnlyForDeploymentPostprocessing = 0;
		};
		66EC75BF2C2F77190007F9E3 /* Frameworks */ = {
			isa = PBXFrameworksBuildPhase;
			buildActionMask = 2147483647;
			files = (
			);
			runOnlyForDeploymentPostprocessing = 0;
		};
		66EC75C92C2F77190007F9E3 /* Frameworks */ = {
			isa = PBXFrameworksBuildPhase;
			buildActionMask = 2147483647;
			files = (
			);
			runOnlyForDeploymentPostprocessing = 0;
		};
/* End PBXFrameworksBuildPhase section */

/* Begin PBXGroup section */
		66EC75A02C2F77160007F9E3 = {
			isa = PBXGroup;
			children = (
				66EC75AB2C2F77170007F9E3 /* MealApp */,
				66EC75C52C2F77190007F9E3 /* MealAppTests */,
				66EC75CF2C2F77190007F9E3 /* MealAppUITests */,
				66EC75AA2C2F77170007F9E3 /* Products */,
			);
			sourceTree = "<group>";
		};
		66EC75AA2C2F77170007F9E3 /* Products */ = {
			isa = PBXGroup;
			children = (
				66EC75A92C2F77170007F9E3 /* MealApp.app */,
				66EC75C22C2F77190007F9E3 /* MealAppTests.xctest */,
				66EC75CC2C2F77190007F9E3 /* MealAppUITests.xctest */,
			);
			name = Products;
			sourceTree = "<group>";
		};
		66EC75AB2C2F77170007F9E3 /* MealApp */ = {
			isa = PBXGroup;
			children = (
				66EC75AC2C2F77170007F9E3 /* AppDelegate.swift */,
				66EC75AE2C2F77170007F9E3 /* SceneDelegate.swift */,
				66EC75B02C2F77170007F9E3 /* ViewController.swift */,
				66EC75B22C2F77170007F9E3 /* Main.storyboard */,
				66EC75B82C2F77190007F9E3 /* Assets.xcassets */,
				66EC75BA2C2F77190007F9E3 /* LaunchScreen.storyboard */,
				66EC75BD2C2F77190007F9E3 /* Info.plist */,
				66EC75B52C2F77170007F9E3 /* MealApp.xcdatamodeld */,
			);
			path = MealApp;
			sourceTree = "<group>";
		};
		66EC75C52C2F77190007F9E3 /* MealAppTests */ = {
			isa = PBXGroup;
			children = (
				66EC75C62C2F77190007F9E3 /* MealAppTests.swift */,
			);
			path = MealAppTests;
			sourceTree = "<group>";
		};
		66EC75CF2C2F77190007F9E3 /* MealAppUITests */ = {
			isa = PBXGroup;
			children = (
				66EC75D02C2F77190007F9E3 /* MealAppUITests.swift */,
				66EC75D22C2F77190007F9E3 /* MealAppUITestsLaunchTests.swift */,
			);
			path = MealAppUITests;
			sourceTree = "<group>";
		};
/* End PBXGroup section */

/* Begin PBXNativeTarget section */
		66EC75A82C2F77170007F9E3 /* MealApp */ = {
			isa = PBXNativeTarget;
			buildConfigurationList = 66EC75D62C2F77190007F9E3 /* Build configuration list for PBXNativeTarget "MealApp" */;
			buildPhases = (
				66EC75A52C2F77170007F9E3 /* Sources */,
				66EC75A62C2F77170007F9E3 /* Frameworks */,
				66EC75A72C2F77170007F9E3 /* Resources */,
			);
			buildRules = (
			);
			dependencies = (
			);
			name = MealApp;
			productName = MealApp;
			productReference = 66EC75A92C2F77170007F9E3 /* MealApp.app */;
			productType = "com.apple.product-type.application";
		};
		66EC75C12C2F77190007F9E3 /* MealAppTests */ = {
			isa = PBXNativeTarget;
			buildConfigurationList = 66EC75D92C2F77190007F9E3 /* Build configuration list for PBXNativeTarget "MealAppTests" */;
			buildPhases = (
				66EC75BE2C2F77190007F9E3 /* Sources */,
				66EC75BF2C2F77190007F9E3 /* Frameworks */,
				66EC75C02C2F77190007F9E3 /* Resources */,
			);
			buildRules = (
			);
			dependencies = (
				66EC75C42C2F77190007F9E3 /* PBXTargetDependency */,
			);
			name = MealAppTests;
			productName = MealAppTests;
			productReference = 66EC75C22C2F77190007F9E3 /* MealAppTests.xctest */;
			productType = "com.apple.product-type.bundle.unit-test";
		};
		66EC75CB2C2F77190007F9E3 /* MealAppUITests */ = {
			isa = PBXNativeTarget;
			buildConfigurationList = 66EC75DC2C2F77190007F9E3 /* Build configuration list for PBXNativeTarget "MealAppUITests" */;
			buildPhases = (
				66EC75C82C2F77190007F9E3 /* Sources */,
				66EC75C92C2F77190007F9E3 /* Frameworks */,
				66EC75CA2C2F77190007F9E3 /* Resources */,
			);
			buildRules = (
			);
			dependencies = (
				66EC75CE2C2F77190007F9E3 /* PBXTargetDependency */,
			);
			name = MealAppUITests;
			productName = MealAppUITests;
			productReference = 66EC75CC2C2F77190007F9E3 /* MealAppUITests.xctest */;
			productType = "com.apple.product-type.bundle.ui-testing";
		};
/* End PBXNativeTarget section */

/* Begin PBXProject section */
		66EC75A12C2F77160007F9E3 /* Project object */ = {
			isa = PBXProject;
			attributes = {
				BuildIndependentTargetsInParallel = 1;
				LastSwiftUpdateCheck = 1310;
				LastUpgradeCheck = 1310;
				TargetAttributes = {
					66EC75A82C2F77170007F9E3 = {
						CreatedOnToolsVersion = 13.1;
					};
					66EC75C12C2F77190007F9E3 = {
						CreatedOnToolsVersion = 13.1;
						TestTargetID = 66EC75A82C2F77170007F9E3;
					};
					66EC75CB2C2F77190007F9E3 = {
						CreatedOnToolsVersion = 13.1;
						TestTargetID = 66EC75A82C2F77170007F9E3;
					};
				};
			};
			buildConfigurationList = 66EC75A42C2F77160007F9E3 /* Build configuration list for PBXProject "MealApp" */;
			compatibilityVersion = "Xcode 13.0";
			developmentRegion = en;
			hasScannedForEncodings = 0;
			knownRegions = (
				en,
				Base,
			);
			mainGroup = 66EC75A02C2F77160007F9E3;
			productRefGroup = 66EC75AA2C2F77170007F9E3 /* Products */;
			projectDirPath = "";
			projectRoot = "";
			targets = (
				66EC75A82C2F77170007F9E3 /* MealApp */,
				66EC75C12C2F77190007F9E3 /* MealAppTests */,
				66EC75CB2C2F77190007F9E3 /* MealAppUITests */,
			);
		};
/* End PBXProject section */

/* Begin PBXResourcesBuildPhase section */
		66EC75A72C2F77170007F9E3 /* Resources */ = {
			isa = PBXResourcesBuildPhase;
			buildActionMask = 2147483647;
			files = (
				66EC75BC2C2F77190007F9E3 /* LaunchScreen.storyboard in Resources */,
				66EC75B92C2F77190007F9E3 /* Assets.xcassets in Resources */,
				66EC75B42C2F77170007F9E3 /* Main.storyboard in Resources */,
			);
			runOnlyForDeploymentPostprocessing = 0;
		};
		66EC75C02C2F77190007F9E3 /* Resources */ = {
			isa = PBXResourcesBuildPhase;
			buildActionMask = 2147483647;
			files = (
			);
			runOnlyForDeploymentPostprocessing = 0;
		};
		66EC75CA2C2F77190007F9E3 /* Resources */ = {
			isa = PBXResourcesBuildPhase;
			buildActionMask = 2147483647;
			files = (
			);
			runOnlyForDeploymentPostprocessing = 0;
		};
/* End PBXResourcesBuildPhase section */

/* Begin PBXSourcesBuildPhase section */
		66EC75A52C2F77170007F9E3 /* Sources */ = {
			isa = PBXSourcesBuildPhase;
			buildActionMask = 2147483647;
			files = (
				66EC75B72C2F77170007F9E3 /* MealApp.xcdatamodeld in Sources */,
				66EC75B12C2F77170007F9E3 /* ViewController.swift in Sources */,
				66EC75AD2C2F77170007F9E3 /* AppDelegate.swift in Sources */,
				66EC75AF2C2F77170007F9E3 /* SceneDelegate.swift in Sources */,
			);
			runOnlyForDeploymentPostprocessing = 0;
		};
		66EC75BE2C2F77190007F9E3 /* Sources */ = {
			isa = PBXSourcesBuildPhase;
			buildActionMask = 2147483647;
			files = (
				66EC75C72C2F77190007F9E3 /* MealAppTests.swift in Sources */,
			);
			runOnlyForDeploymentPostprocessing = 0;
		};
		66EC75C82C2F77190007F9E3 /* Sources */ = {
			isa = PBXSourcesBuildPhase;
			buildActionMask = 2147483647;
			files = (
				66EC75D12C2F77190007F9E3 /* MealAppUITests.swift in Sources */,
				66EC75D32C2F77190007F9E3 /* MealAppUITestsLaunchTests.swift in Sources */,
			);
			runOnlyForDeploymentPostprocessing = 0;
		};
/* End PBXSourcesBuildPhase section */

/* Begin PBXTargetDependency section */
		66EC75C42C2F77190007F9E3 /* PBXTargetDependency */ = {
			isa = PBXTargetDependency;
			target = 66EC75A82C2F77170007F9E3 /* MealApp */;
			targetProxy = 66EC75C32C2F77190007F9E3 /* PBXContainerItemProxy */;
		};
		66EC75CE2C2F77190007F9E3 /* PBXTargetDependency */ = {
			isa = PBXTargetDependency;
			target = 66EC75A82C2F77170007F9E3 /* MealApp */;
			targetProxy = 66EC75CD2C2F77190007F9E3 /* PBXContainerItemProxy */;
		};
/* End PBXTargetDependency section */

/* Begin PBXVariantGroup section */
		66EC75B22C2F77170007F9E3 /* Main.storyboard */ = {
			isa = PBXVariantGroup;
			children = (
				66EC75B32C2F77170007F9E3 /* Base */,
			);
			name = Main.storyboard;
			sourceTree = "<group>";
		};
		66EC75BA2C2F77190007F9E3 /* LaunchScreen.storyboard */ = {
			isa = PBXVariantGroup;
			children = (
				66EC75BB2C2F77190007F9E3 /* Base */,
			);
			name = LaunchScreen.storyboard;
			sourceTree = "<group>";
		};
/* End PBXVariantGroup section */

/* Begin XCBuildConfiguration section */
		66EC75D42C2F77190007F9E3 /* Debug */ = {
			isa = XCBuildConfiguration;
			buildSettings = {
				ALWAYS_SEARCH_USER_PATHS = NO;
				CLANG_ANALYZER_NONNULL = YES;
				CLANG_ANALYZER_NUMBER_OBJECT_CONVERSION = YES_AGGRESSIVE;
				CLANG_CXX_LANGUAGE_STANDARD = "gnu++17";
				CLANG_CXX_LIBRARY = "libc++";
				CLANG_ENABLE_MODULES = YES;
				CLANG_ENABLE_OBJC_ARC = YES;
				CLANG_ENABLE_OBJC_WEAK = YES;
				CLANG_WARN_BLOCK_CAPTURE_AUTORELEASING = YES;
				CLANG_WARN_BOOL_CONVERSION = YES;
				CLANG_WARN_COMMA = YES;
				CLANG_WARN_CONSTANT_CONVERSION = YES;
				CLANG_WARN_DEPRECATED_OBJC_IMPLEMENTATIONS = YES;
				CLANG_WARN_DIRECT_OBJC_ISA_USAGE = YES_ERROR;
				CLANG_WARN_DOCUMENTATION_COMMENTS = YES;
				CLANG_WARN_EMPTY_BODY = YES;
				CLANG_WARN_ENUM_CONVERSION = YES;
				CLANG_WARN_INFINITE_RECURSION = YES;
				CLANG_WARN_INT_CONVERSION = YES;
				CLANG_WARN_NON_LITERAL_NULL_CONVERSION = YES;
				CLANG_WARN_OBJC_IMPLICIT_RETAIN_SELF = YES;
				CLANG_WARN_OBJC_LITERAL_CONVERSION = YES;
				CLANG_WARN_OBJC_ROOT_CLASS = YES_ERROR;
				CLANG_WARN_QUOTED_INCLUDE_IN_FRAMEWORK_HEADER = YES;
				CLANG_WARN_RANGE_LOOP_ANALYSIS = YES;
				CLANG_WARN_STRICT_PROTOTYPES = YES;
				CLANG_WARN_SUSPICIOUS_MOVE = YES;
				CLANG_WARN_UNGUARDED_AVAILABILITY = YES_AGGRESSIVE;
				CLANG_WARN_UNREACHABLE_CODE = YES;
				CLANG_WARN__DUPLICATE_METHOD_MATCH = YES;
				COPY_PHASE_STRIP = NO;
				DEBUG_INFORMATION_FORMAT = dwarf;
				ENABLE_STRICT_OBJC_MSGSEND = YES;
				ENABLE_TESTABILITY = YES;
				GCC_C_LANGUAGE_STANDARD = gnu11;
				GCC_DYNAMIC_NO_PIC = NO;
				GCC_NO_COMMON_BLOCKS = YES;
				GCC_OPTIMIZATION_LEVEL = 0;
				GCC_PREPROCESSOR_DEFINITIONS = (
					"DEBUG=1",
					"$(inherited)",
				);
				GCC_WARN_64_TO_32_BIT_CONVERSION = YES;
				GCC_WARN_ABOUT_RETURN_TYPE = YES_ERROR;
				GCC_WARN_UNDECLARED_SELECTOR = YES;
				GCC_WARN_UNINITIALIZED_AUTOS = YES_AGGRESSIVE;
				GCC_WARN_UNUSED_FUNCTION = YES;
				GCC_WARN_UNUSED_VARIABLE = YES;
				IPHONEOS_DEPLOYMENT_TARGET = 15.0;
				MTL_ENABLE_DEBUG_INFO = INCLUDE_SOURCE;
				MTL_FAST_MATH = YES;
				ONLY_ACTIVE_ARCH = YES;
				SDKROOT = iphoneos;
				SWIFT_ACTIVE_COMPILATION_CONDITIONS = DEBUG;
				SWIFT_OPTIMIZATION_LEVEL = "-Onone";
			};
			name = Debug;
		};
		66EC75D52C2F77190007F9E3 /* Release */ = {
			isa = XCBuildConfiguration;
			buildSettings = {
				ALWAYS_SEARCH_USER_PATHS = NO;
				CLANG_ANALYZER_NONNULL = YES;
				CLANG_ANALYZER_NUMBER_OBJECT_CONVERSION = YES_AGGRESSIVE;
				CLANG_CXX_LANGUAGE_STANDARD = "gnu++17";
				CLANG_CXX_LIBRARY = "libc++";
				CLANG_ENABLE_MODULES = YES;
				CLANG_ENABLE_OBJC_ARC = YES;
				CLANG_ENABLE_OBJC_WEAK = YES;
				CLANG_WARN_BLOCK_CAPTURE_AUTORELEASING = YES;
				CLANG_WARN_BOOL_CONVERSION = YES;
				CLANG_WARN_COMMA = YES;
				CLANG_WARN_CONSTANT_CONVERSION = YES;
				CLANG_WARN_DEPRECATED_OBJC_IMPLEMENTATIONS = YES;
				CLANG_WARN_DIRECT_OBJC_ISA_USAGE = YES_ERROR;
				CLANG_WARN_DOCUMENTATION_COMMENTS = YES;
				CLANG_WARN_EMPTY_BODY = YES;
				CLANG_WARN_ENUM_CONVERSION = YES;
				CLANG_WARN_INFINITE_RECURSION = YES;
				CLANG_WARN_INT_CONVERSION = YES;
				CLANG_WARN_NON_LITERAL_NULL_CONVERSION = YES;
				CLANG_WARN_OBJC_IMPLICIT_RETAIN_SELF = YES;
				CLANG_WARN_OBJC_LITERAL_CONVERSION = YES;
				CLANG_WARN_OBJC_ROOT_CLASS = YES_ERROR;
				CLANG_WARN_QUOTED_INCLUDE_IN_FRAMEWORK_HEADER = YES;
				CLANG_WARN_RANGE_LOOP_ANALYSIS = YES;
				CLANG_WARN_STRICT_PROTOTYPES = YES;
				CLANG_WARN_SUSPICIOUS_MOVE = YES;
				CLANG_WARN_UNGUARDED_AVAILABILITY = YES_AGGRESSIVE;
				CLANG_WARN_UNREACHABLE_CODE = YES;
				CLANG_WARN__DUPLICATE_METHOD_MATCH = YES;
				COPY_PHASE_STRIP = NO;
				DEBUG_INFORMATION_FORMAT = "dwarf-with-dsym";
				ENABLE_NS_ASSERTIONS = NO;
				ENABLE_STRICT_OBJC_MSGSEND = YES;
				GCC_C_LANGUAGE_STANDARD = gnu11;
				GCC_NO_COMMON_BLOCKS = YES;
				GCC_WARN_64_TO_32_BIT_CONVERSION = YES;
				GCC_WARN_ABOUT_RETURN_TYPE = YES_ERROR;
				GCC_WARN_UNDECLARED_SELECTOR = YES;
				GCC_WARN_UNINITIALIZED_AUTOS = YES_AGGRESSIVE;
				GCC_WARN_UNUSED_FUNCTION = YES;
				GCC_WARN_UNUSED_VARIABLE = YES;
				IPHONEOS_DEPLOYMENT_TARGET = 15.0;
				MTL_ENABLE_DEBUG_INFO = NO;
				MTL_FAST_MATH = YES;
				SDKROOT = iphoneos;
				SWIFT_COMPILATION_MODE = wholemodule;
				SWIFT_OPTIMIZATION_LEVEL = "-O";
				VALIDATE_PRODUCT = YES;
			};
			name = Release;
		};
		66EC75D72C2F77190007F9E3 /* Debug */ = {
			isa = XCBuildConfiguration;
			buildSettings = {
				ASSETCATALOG_COMPILER_APPICON_NAME = AppIcon;
				ASSETCATALOG_COMPILER_GLOBAL_ACCENT_COLOR_NAME = AccentColor;
				CODE_SIGN_STYLE = Automatic;
				CURRENT_PROJECT_VERSION = 1;
				DEVELOPMENT_TEAM = B63N2PSG2T;
				GENERATE_INFOPLIST_FILE = YES;
				INFOPLIST_FILE = MealApp/Info.plist;
				INFOPLIST_KEY_UIApplicationSupportsIndirectInputEvents = YES;
				INFOPLIST_KEY_UILaunchStoryboardName = LaunchScreen;
				INFOPLIST_KEY_UIMainStoryboardFile = Main;
				INFOPLIST_KEY_UISupportedInterfaceOrientations_iPad = "UIInterfaceOrientationPortrait UIInterfaceOrientationPortraitUpsideDown UIInterfaceOrientationLandscapeLeft UIInterfaceOrientationLandscapeRight";
				INFOPLIST_KEY_UISupportedInterfaceOrientations_iPhone = "UIInterfaceOrientationPortrait UIInterfaceOrientationLandscapeLeft UIInterfaceOrientationLandscapeRight";
				LD_RUNPATH_SEARCH_PATHS = (
					"$(inherited)",
					"@executable_path/Frameworks",
				);
				MARKETING_VERSION = 1.0;
				PRODUCT_BUNDLE_IDENTIFIER = com.naveenreddy.MealApp;
				PRODUCT_NAME = "$(TARGET_NAME)";
				SWIFT_EMIT_LOC_STRINGS = YES;
				SWIFT_VERSION = 5.0;
				TARGETED_DEVICE_FAMILY = "1,2";
			};
			name = Debug;
		};
		66EC75D82C2F77190007F9E3 /* Release */ = {
			isa = XCBuildConfiguration;
			buildSettings = {
				ASSETCATALOG_COMPILER_APPICON_NAME = AppIcon;
				ASSETCATALOG_COMPILER_GLOBAL_ACCENT_COLOR_NAME = AccentColor;
				CODE_SIGN_STYLE = Automatic;
				CURRENT_PROJECT_VERSION = 1;
				DEVELOPMENT_TEAM = B63N2PSG2T;
				GENERATE_INFOPLIST_FILE = YES;
				INFOPLIST_FILE = MealApp/Info.plist;
				INFOPLIST_KEY_UIApplicationSupportsIndirectInputEvents = YES;
				INFOPLIST_KEY_UILaunchStoryboardName = LaunchScreen;
				INFOPLIST_KEY_UIMainStoryboardFile = Main;
				INFOPLIST_KEY_UISupportedInterfaceOrientations_iPad = "UIInterfaceOrientationPortrait UIInterfaceOrientationPortraitUpsideDown UIInterfaceOrientationLandscapeLeft UIInterfaceOrientationLandscapeRight";
				INFOPLIST_KEY_UISupportedInterfaceOrientations_iPhone = "UIInterfaceOrientationPortrait UIInterfaceOrientationLandscapeLeft UIInterfaceOrientationLandscapeRight";
				LD_RUNPATH_SEARCH_PATHS = (
					"$(inherited)",
					"@executable_path/Frameworks",
				);
				MARKETING_VERSION = 1.0;
				PRODUCT_BUNDLE_IDENTIFIER = com.naveenreddy.MealApp;
				PRODUCT_NAME = "$(TARGET_NAME)";
				SWIFT_EMIT_LOC_STRINGS = YES;
				SWIFT_VERSION = 5.0;
				TARGETED_DEVICE_FAMILY = "1,2";
			};
			name = Release;
		};
		66EC75DA2C2F77190007F9E3 /* Debug */ = {
			isa = XCBuildConfiguration;
			buildSettings = {
				ALWAYS_EMBED_SWIFT_STANDARD_LIBRARIES = YES;
				BUNDLE_LOADER = "$(TEST_HOST)";
				CODE_SIGN_STYLE = Automatic;
				CURRENT_PROJECT_VERSION = 1;
				DEVELOPMENT_TEAM = B63N2PSG2T;
				GENERATE_INFOPLIST_FILE = YES;
				IPHONEOS_DEPLOYMENT_TARGET = 15.0;
				LD_RUNPATH_SEARCH_PATHS = (
					"$(inherited)",
					"@executable_path/Frameworks",
					"@loader_path/Frameworks",
				);
				MARKETING_VERSION = 1.0;
				PRODUCT_BUNDLE_IDENTIFIER = com.naveenreddy.MealAppTests;
				PRODUCT_NAME = "$(TARGET_NAME)";
				SWIFT_EMIT_LOC_STRINGS = NO;
				SWIFT_VERSION = 5.0;
				TARGETED_DEVICE_FAMILY = "1,2";
				TEST_HOST = "$(BUILT_PRODUCTS_DIR)/MealApp.app/MealApp";
			};
			name = Debug;
		};
		66EC75DB2C2F77190007F9E3 /* Release */ = {
			isa = XCBuildConfiguration;
			buildSettings = {
				ALWAYS_EMBED_SWIFT_STANDARD_LIBRARIES = YES;
				BUNDLE_LOADER = "$(TEST_HOST)";
				CODE_SIGN_STYLE = Automatic;
				CURRENT_PROJECT_VERSION = 1;
				DEVELOPMENT_TEAM = B63N2PSG2T;
				GENERATE_INFOPLIST_FILE = YES;
				IPHONEOS_DEPLOYMENT_TARGET = 15.0;
				LD_RUNPATH_SEARCH_PATHS = (
					"$(inherited)",
					"@executable_path/Frameworks",
					"@loader_path/Frameworks",
				);
				MARKETING_VERSION = 1.0;
				PRODUCT_BUNDLE_IDENTIFIER = com.naveenreddy.MealAppTests;
				PRODUCT_NAME = "$(TARGET_NAME)";
				SWIFT_EMIT_LOC_STRINGS = NO;
				SWIFT_VERSION = 5.0;
				TARGETED_DEVICE_FAMILY = "1,2";
				TEST_HOST = "$(BUILT_PRODUCTS_DIR)/MealApp.app/MealApp";
			};
			name = Release;
		};
		66EC75DD2C2F77190007F9E3 /* Debug */ = {
			isa = XCBuildConfiguration;
			buildSettings = {
				ALWAYS_EMBED_SWIFT_STANDARD_LIBRARIES = YES;
				CODE_SIGN_STYLE = Automatic;
				CURRENT_PROJECT_VERSION = 1;
				DEVELOPMENT_TEAM = B63N2PSG2T;
				GENERATE_INFOPLIST_FILE = YES;
				LD_RUNPATH_SEARCH_PATHS = (
					"$(inherited)",
					"@executable_path/Frameworks",
					"@loader_path/Frameworks",
				);
				MARKETING_VERSION = 1.0;
				PRODUCT_BUNDLE_IDENTIFIER = com.naveenreddy.MealAppUITests;
				PRODUCT_NAME = "$(TARGET_NAME)";
				SWIFT_EMIT_LOC_STRINGS = NO;
				SWIFT_VERSION = 5.0;
				TARGETED_DEVICE_FAMILY = "1,2";
				TEST_TARGET_NAME = MealApp;
			};
			name = Debug;
		};
		66EC75DE2C2F77190007F9E3 /* Release */ = {
			isa = XCBuildConfiguration;
			buildSettings = {
				ALWAYS_EMBED_SWIFT_STANDARD_LIBRARIES = YES;
				CODE_SIGN_STYLE = Automatic;
				CURRENT_PROJECT_VERSION = 1;
				DEVELOPMENT_TEAM = B63N2PSG2T;
				GENERATE_INFOPLIST_FILE = YES;
				LD_RUNPATH_SEARCH_PATHS = (
					"$(inherited)",
					"@executable_path/Frameworks",
					"@loader_path/Frameworks",
				);
				MARKETING_VERSION = 1.0;
				PRODUCT_BUNDLE_IDENTIFIER = com.naveenreddy.MealAppUITests;
				PRODUCT_NAME = "$(TARGET_NAME)";
				SWIFT_EMIT_LOC_STRINGS = NO;
				SWIFT_VERSION = 5.0;
				TARGETED_DEVICE_FAMILY = "1,2";
				TEST_TARGET_NAME = MealApp;
			};
			name = Release;
		};
/* End XCBuildConfiguration section */

/* Begin XCConfigurationList section */
		66EC75A42C2F77160007F9E3 /* Build configuration list for PBXProject "MealApp" */ = {
			isa = XCConfigurationList;
			buildConfigurations = (
				66EC75D42C2F77190007F9E3 /* Debug */,
				66EC75D52C2F77190007F9E3 /* Release */,
			);
			defaultConfigurationIsVisible = 0;
			defaultConfigurationName = Release;
		};
		66EC75D62C2F77190007F9E3 /* Build configuration list for PBXNativeTarget "MealApp" */ = {
			isa = XCConfigurationList;
			buildConfigurations = (
				66EC75D72C2F77190007F9E3 /* Debug */,
				66EC75D82C2F77190007F9E3 /* Release */,
			);
			defaultConfigurationIsVisible = 0;
			defaultConfigurationName = Release;
		};
		66EC75D92C2F77190007F9E3 /* Build configuration list for PBXNativeTarget "MealAppTests" */ = {
			isa = XCConfigurationList;
			buildConfigurations = (
				66EC75DA2C2F77190007F9E3 /* Debug */,
				66EC75DB2C2F77190007F9E3 /* Release */,
			);
			defaultConfigurationIsVisible = 0;
			defaultConfigurationName = Release;
		};
		66EC75DC2C2F77190007F9E3 /* Build configuration list for PBXNativeTarget "MealAppUITests" */ = {
			isa = XCConfigurationList;
			buildConfigurations = (
				66EC75DD2C2F77190007F9E3 /* Debug */,
				66EC75DE2C2F77190007F9E3 /* Release */,
			);
			defaultConfigurationIsVisible = 0;
			defaultConfigurationName = Release;
		};
/* End XCConfigurationList section */

/* Begin XCVersionGroup section */
		66EC75B52C2F77170007F9E3 /* MealApp.xcdatamodeld */ = {
			isa = XCVersionGroup;
			children = (
				66EC75B62C2F77170007F9E3 /* MealApp.xcdatamodel */,
			);
			currentVersion = 66EC75B62C2F77170007F9E3 /* MealApp.xcdatamodel */;
			path = MealApp.xcdatamodeld;
			sourceTree = "<group>";
			versionGroupType = wrapper.xcdatamodel;
		};
/* End XCVersionGroup section */
	};
	rootObject = 66EC75A12C2F77160007F9E3 /* Project object */;
}
